
Microsoft Visual Studio Solution File, Format Version 12.00
# Visual Studio Version 17
VisualStudioVersion = 17.7.34221.43
MinimumVisualStudioVersion = 10.0.40219.1
Project("{FAE04EC0-301F-11D3-BF4B-00C04F79EFBC}") = "ProEventos.Application", "ProEventos.Application\ProEventos.Application.csproj", "{D7BCF9D0-3237-46E8-B297-B3480B934860}"
EndProject
Project("{FAE04EC0-301F-11D3-BF4B-00C04F79EFBC}") = "ProEventos.Domain", "ProEventos.Domain\ProEventos.Domain.csproj", "{55429BE0-84BE-45DD-BA5D-5C383284C073}"
EndProject
Project("{FAE04EC0-301F-11D3-BF4B-00C04F79EFBC}") = "ProEventos.Persistence", "ProEventos.Persistence\ProEventos.Persistence.csproj", "{AC9D0133-B441-4B92-A122-F1071084F306}"
EndProject
Project("{FAE04EC0-301F-11D3-BF4B-00C04F79EFBC}") = "ProEventos.API", "ProEventos.API\ProEventos.API.csproj", "{B81DD057-D862-430A-A6D5-13D8F343F42D}"
EndProject
Global
	GlobalSection(SolutionProperties) = preSolution
		HideSolutionNode = FALSE
	EndGlobalSection
	GlobalSection(ExtensibilityGlobals) = postSolution
		SolutionGuid = {6B266D30-3041-4A3C-A78E-DFF9DBA8194C}
	EndGlobalSection
	GlobalSection(SolutionConfigurationPlatforms) = preSolution
		Debug|Any CPU = Debug|Any CPU
		Debug|x64 = Debug|x64
		Debug|x86 = Debug|x86
		Release|Any CPU = Release|Any CPU
		Release|x64 = Release|x64
		Release|x86 = Release|x86
	EndGlobalSection
	GlobalSection(ProjectConfigurationPlatforms) = postSolution
		{D7BCF9D0-3237-46E8-B297-B3480B934860}.Debug|Any CPU.ActiveCfg = Debug|Any CPU
		{D7BCF9D0-3237-46E8-B297-B3480B934860}.Debug|Any CPU.Build.0 = Debug|Any CPU
		{D7BCF9D0-3237-46E8-B297-B3480B934860}.Debug|x64.ActiveCfg = Debug|Any CPU
		{D7BCF9D0-3237-46E8-B297-B3480B934860}.Debug|x64.Build.0 = Debug|Any CPU
		{D7BCF9D0-3237-46E8-B297-B3480B934860}.Debug|x86.ActiveCfg = Debug|Any CPU
		{D7BCF9D0-3237-46E8-B297-B3480B934860}.Debug|x86.Build.0 = Debug|Any CPU
		{D7BCF9D0-3237-46E8-B297-B3480B934860}.Release|Any CPU.ActiveCfg = Release|Any CPU
		{D7BCF9D0-3237-46E8-B297-B3480B934860}.Release|Any CPU.Build.0 = Release|Any CPU
		{D7BCF9D0-3237-46E8-B297-B3480B934860}.Release|x64.ActiveCfg = Release|Any CPU
		{D7BCF9D0-3237-46E8-B297-B3480B934860}.Release|x64.Build.0 = Release|Any CPU
		{D7BCF9D0-3237-46E8-B297-B3480B934860}.Release|x86.ActiveCfg = Release|Any CPU
		{D7BCF9D0-3237-46E8-B297-B3480B934860}.Release|x86.Build.0 = Release|Any CPU
		{55429BE0-84BE-45DD-BA5D-5C383284C073}.Debug|Any CPU.ActiveCfg = Debug|Any CPU
		{55429BE0-84BE-45DD-BA5D-5C383284C073}.Debug|Any CPU.Build.0 = Debug|Any CPU
		{55429BE0-84BE-45DD-BA5D-5C383284C073}.Debug|x64.ActiveCfg = Debug|Any CPU
		{55429BE0-84BE-45DD-BA5D-5C383284C073}.Debug|x64.Build.0 = Debug|Any CPU
		{55429BE0-84BE-45DD-BA5D-5C383284C073}.Debug|x86.ActiveCfg = Debug|Any CPU
		{55429BE0-84BE-45DD-BA5D-5C383284C073}.Debug|x86.Build.0 = Debug|Any CPU
		{55429BE0-84BE-45DD-BA5D-5C383284C073}.Release|Any CPU.ActiveCfg = Release|Any CPU
		{55429BE0-84BE-45DD-BA5D-5C383284C073}.Release|Any CPU.Build.0 = Release|Any CPU
		{55429BE0-84BE-45DD-BA5D-5C383284C073}.Release|x64.ActiveCfg = Release|Any CPU
		{55429BE0-84BE-45DD-BA5D-5C383284C073}.Release|x64.Build.0 = Release|Any CPU
		{55429BE0-84BE-45DD-BA5D-5C383284C073}.Release|x86.ActiveCfg = Release|Any CPU
		{55429BE0-84BE-45DD-BA5D-5C383284C073}.Release|x86.Build.0 = Release|Any CPU
		{AC9D0133-B441-4B92-A122-F1071084F306}.Debug|Any CPU.ActiveCfg = Debug|Any CPU
		{AC9D0133-B441-4B92-A122-F1071084F306}.Debug|Any CPU.Build.0 = Debug|Any CPU
		{AC9D0133-B441-4B92-A122-F1071084F306}.Debug|x64.ActiveCfg = Debug|Any CPU
		{AC9D0133-B441-4B92-A122-F1071084F306}.Debug|x64.Build.0 = Debug|Any CPU
		{AC9D0133-B441-4B92-A122-F1071084F306}.Debug|x86.ActiveCfg = Debug|Any CPU
		{AC9D0133-B441-4B92-A122-F1071084F306}.Debug|x86.Build.0 = Debug|Any CPU
		{AC9D0133-B441-4B92-A122-F1071084F306}.Release|Any CPU.ActiveCfg = Release|Any CPU
		{AC9D0133-B441-4B92-A122-F1071084F306}.Release|Any CPU.Build.0 = Release|Any CPU
		{AC9D0133-B441-4B92-A122-F1071084F306}.Release|x64.ActiveCfg = Release|Any CPU
		{AC9D0133-B441-4B92-A122-F1071084F306}.Release|x64.Build.0 = Release|Any CPU
		{AC9D0133-B441-4B92-A122-F1071084F306}.Release|x86.ActiveCfg = Release|Any CPU
		{AC9D0133-B441-4B92-A122-F1071084F306}.Release|x86.Build.0 = Release|Any CPU
		{B81DD057-D862-430A-A6D5-13D8F343F42D}.Debug|Any CPU.ActiveCfg = Debug|Any CPU
		{B81DD057-D862-430A-A6D5-13D8F343F42D}.Debug|Any CPU.Build.0 = Debug|Any CPU
		{B81DD057-D862-430A-A6D5-13D8F343F42D}.Debug|x64.ActiveCfg = Debug|Any CPU
		{B81DD057-D862-430A-A6D5-13D8F343F42D}.Debug|x64.Build.0 = Debug|Any CPU
		{B81DD057-D862-430A-A6D5-13D8F343F42D}.Debug|x86.ActiveCfg = Debug|Any CPU
		{B81DD057-D862-430A-A6D5-13D8F343F42D}.Debug|x86.Build.0 = Debug|Any CPU
		{B81DD057-D862-430A-A6D5-13D8F343F42D}.Release|Any CPU.ActiveCfg = Release|Any CPU
		{B81DD057-D862-430A-A6D5-13D8F343F42D}.Release|Any CPU.Build.0 = Release|Any CPU
		{B81DD057-D862-430A-A6D5-13D8F343F42D}.Release|x64.ActiveCfg = Release|Any CPU
		{B81DD057-D862-430A-A6D5-13D8F343F42D}.Release|x64.Build.0 = Release|Any CPU
		{B81DD057-D862-430A-A6D5-13D8F343F42D}.Release|x86.ActiveCfg = Release|Any CPU
		{B81DD057-D862-430A-A6D5-13D8F343F42D}.Release|x86.Build.0 = Release|Any CPU
	EndGlobalSection
EndGlobal
